
Microsoft Visual Studio Solution File, Format Version 12.00
# Visual Studio Version 17
VisualStudioVersion = 17.5.33424.131
MinimumVisualStudioVersion = 10.0.40219.1
Project("{8BC9CEB8-8B4A-11D0-8D11-00A0C91BC942}") = "Functions", "Functions\Functions.vcxproj", "{B4C78E01-91F4-4274-9432-190A6A8884DD}"
EndProject
Project("{8BC9CEB8-8B4A-11D0-8D11-00A0C91BC942}") = "Arrays", "Arrays\Arrays.vcxproj", "{BC51C71D-2336-457B-9CE2-C8BAF47724BB}"
EndProject
Project("{8BC9CEB8-8B4A-11D0-8D11-00A0C91BC942}") = "Matrix", "Matrix\Matrix.vcxproj", "{2B5F8AE2-4CAA-4360-9716-F5075BF3AC67}"
EndProject
Project("{8BC9CEB8-8B4A-11D0-8D11-00A0C91BC942}") = "Recurtion", "Recurtion\Recurtion.vcxproj", "{C6D228D9-5E37-4029-ACE2-14602DB20126}"
EndProject
Global
	GlobalSection(SolutionConfigurationPlatforms) = preSolution
		Debug|x64 = Debug|x64
		Debug|x86 = Debug|x86
		Release|x64 = Release|x64
		Release|x86 = Release|x86
	EndGlobalSection
	GlobalSection(ProjectConfigurationPlatforms) = postSolution
		{B4C78E01-91F4-4274-9432-190A6A8884DD}.Debug|x64.ActiveCfg = Debug|x64
		{B4C78E01-91F4-4274-9432-190A6A8884DD}.Debug|x64.Build.0 = Debug|x64
		{B4C78E01-91F4-4274-9432-190A6A8884DD}.Debug|x86.ActiveCfg = Debug|Win32
		{B4C78E01-91F4-4274-9432-190A6A8884DD}.Debug|x86.Build.0 = Debug|Win32
		{B4C78E01-91F4-4274-9432-190A6A8884DD}.Release|x64.ActiveCfg = Release|x64
		{B4C78E01-91F4-4274-9432-190A6A8884DD}.Release|x64.Build.0 = Release|x64
		{B4C78E01-91F4-4274-9432-190A6A8884DD}.Release|x86.ActiveCfg = Release|Win32
		{B4C78E01-91F4-4274-9432-190A6A8884DD}.Release|x86.Build.0 = Release|Win32
		{BC51C71D-2336-457B-9CE2-C8BAF47724BB}.Debug|x64.ActiveCfg = Debug|x64
		{BC51C71D-2336-457B-9CE2-C8BAF47724BB}.Debug|x64.Build.0 = Debug|x64
		{BC51C71D-2336-457B-9CE2-C8BAF47724BB}.Debug|x86.ActiveCfg = Debug|Win32
		{BC51C71D-2336-457B-9CE2-C8BAF47724BB}.Debug|x86.Build.0 = Debug|Win32
		{BC51C71D-2336-457B-9CE2-C8BAF47724BB}.Release|x64.ActiveCfg = Release|x64
		{BC51C71D-2336-457B-9CE2-C8BAF47724BB}.Release|x64.Build.0 = Release|x64
		{BC51C71D-2336-457B-9CE2-C8BAF47724BB}.Release|x86.ActiveCfg = Release|Win32
		{BC51C71D-2336-457B-9CE2-C8BAF47724BB}.Release|x86.Build.0 = Release|Win32
		{2B5F8AE2-4CAA-4360-9716-F5075BF3AC67}.Debug|x64.ActiveCfg = Debug|x64
		{2B5F8AE2-4CAA-4360-9716-F5075BF3AC67}.Debug|x64.Build.0 = Debug|x64
		{2B5F8AE2-4CAA-4360-9716-F5075BF3AC67}.Debug|x86.ActiveCfg = Debug|Win32
		{2B5F8AE2-4CAA-4360-9716-F5075BF3AC67}.Debug|x86.Build.0 = Debug|Win32
		{2B5F8AE2-4CAA-4360-9716-F5075BF3AC67}.Release|x64.ActiveCfg = Release|x64
		{2B5F8AE2-4CAA-4360-9716-F5075BF3AC67}.Release|x64.Build.0 = Release|x64
		{2B5F8AE2-4CAA-4360-9716-F5075BF3AC67}.Release|x86.ActiveCfg = Release|Win32
		{2B5F8AE2-4CAA-4360-9716-F5075BF3AC67}.Release|x86.Build.0 = Release|Win32
		{C6D228D9-5E37-4029-ACE2-14602DB20126}.Debug|x64.ActiveCfg = Debug|x64
		{C6D228D9-5E37-4029-ACE2-14602DB20126}.Debug|x64.Build.0 = Debug|x64
		{C6D228D9-5E37-4029-ACE2-14602DB20126}.Debug|x86.ActiveCfg = Debug|Win32
		{C6D228D9-5E37-4029-ACE2-14602DB20126}.Debug|x86.Build.0 = Debug|Win32
		{C6D228D9-5E37-4029-ACE2-14602DB20126}.Release|x64.ActiveCfg = Release|x64
		{C6D228D9-5E37-4029-ACE2-14602DB20126}.Release|x64.Build.0 = Release|x64
		{C6D228D9-5E37-4029-ACE2-14602DB20126}.Release|x86.ActiveCfg = Release|Win32
		{C6D228D9-5E37-4029-ACE2-14602DB20126}.Release|x86.Build.0 = Release|Win32
	EndGlobalSection
	GlobalSection(SolutionProperties) = preSolution
		HideSolutionNode = FALSE
	EndGlobalSection
	GlobalSection(ExtensibilityGlobals) = postSolution
		SolutionGuid = {E0010417-A464-4B4E-B24A-1B41B7E600A5}
	EndGlobalSection
EndGlobal
